// !$*UTF8*$!
{
	archiveVersion = 1;
	classes = {
	};
	objectVersion = 55;
	objects = {

/* Begin PBXBuildFile section */
		BE028F3727F7F6880019AE16 /* iosHifiApp.swift in Sources */ = {isa = PBXBuildFile; fileRef = BE028F3627F7F6880019AE16 /* iosHifiApp.swift */; };
		BE028F3927F7F6880019AE16 /* ContentView.swift in Sources */ = {isa = PBXBuildFile; fileRef = BE028F3827F7F6880019AE16 /* ContentView.swift */; };
		BE028F3B27F7F6890019AE16 /* Assets.xcassets in Resources */ = {isa = PBXBuildFile; fileRef = BE028F3A27F7F6890019AE16 /* Assets.xcassets */; };
		BE028F3E27F7F6890019AE16 /* Preview Assets.xcassets in Resources */ = {isa = PBXBuildFile; fileRef = BE028F3D27F7F6890019AE16 /* Preview Assets.xcassets */; };
		BE028F4527F7F8310019AE16 /* SoundManagerOld.swift in Sources */ = {isa = PBXBuildFile; fileRef = BE028F4427F7F8310019AE16 /* SoundManagerOld.swift */; };
		BE028F4F27F7F8EC0019AE16 /* met_4.mp3 in Resources */ = {isa = PBXBuildFile; fileRef = BE028F4727F7F8EC0019AE16 /* met_4.mp3 */; };
		BE028F5027F7F8ED0019AE16 /* noise.mp3 in Resources */ = {isa = PBXBuildFile; fileRef = BE028F4827F7F8EC0019AE16 /* noise.mp3 */; };
		BE028F5127F7F8ED0019AE16 /* met_1.mp3 in Resources */ = {isa = PBXBuildFile; fileRef = BE028F4927F7F8EC0019AE16 /* met_1.mp3 */; };
		BE028F5227F7F8ED0019AE16 /* met_3.mp3 in Resources */ = {isa = PBXBuildFile; fileRef = BE028F4A27F7F8EC0019AE16 /* met_3.mp3 */; };
		BE028F5327F7F8ED0019AE16 /* mellotron.mp3 in Resources */ = {isa = PBXBuildFile; fileRef = BE028F4B27F7F8EC0019AE16 /* mellotron.mp3 */; };
		BE028F5427F7F8ED0019AE16 /* drum.mp3 in Resources */ = {isa = PBXBuildFile; fileRef = BE028F4C27F7F8EC0019AE16 /* drum.mp3 */; };
		BE028F5527F7F8ED0019AE16 /* met_2.mp3 in Resources */ = {isa = PBXBuildFile; fileRef = BE028F4D27F7F8EC0019AE16 /* met_2.mp3 */; };
		BE028F5627F7F8ED0019AE16 /* viola.mp3 in Resources */ = {isa = PBXBuildFile; fileRef = BE028F4E27F7F8EC0019AE16 /* viola.mp3 */; };
		BE028F5827F8043F0019AE16 /* SoundManager.swift in Sources */ = {isa = PBXBuildFile; fileRef = BE028F5727F8043F0019AE16 /* SoundManager.swift */; };
/* End PBXBuildFile section */

/* Begin PBXFileReference section */
		BE028F3327F7F6880019AE16 /* iosHifi.app */ = {isa = PBXFileReference; explicitFileType = wrapper.application; includeInIndex = 0; path = iosHifi.app; sourceTree = BUILT_PRODUCTS_DIR; };
		BE028F3627F7F6880019AE16 /* iosHifiApp.swift */ = {isa = PBXFileReference; lastKnownFileType = sourcecode.swift; path = iosHifiApp.swift; sourceTree = "<group>"; };
		BE028F3827F7F6880019AE16 /* ContentView.swift */ = {isa = PBXFileReference; lastKnownFileType = sourcecode.swift; path = ContentView.swift; sourceTree = "<group>"; };
		BE028F3A27F7F6890019AE16 /* Assets.xcassets */ = {isa = PBXFileReference; lastKnownFileType = folder.assetcatalog; path = Assets.xcassets; sourceTree = "<group>"; };
		BE028F3D27F7F6890019AE16 /* Preview Assets.xcassets */ = {isa = PBXFileReference; lastKnownFileType = folder.assetcatalog; path = "Preview Assets.xcassets"; sourceTree = "<group>"; };
		BE028F4427F7F8310019AE16 /* SoundManagerOld.swift */ = {isa = PBXFileReference; lastKnownFileType = sourcecode.swift; path = SoundManagerOld.swift; sourceTree = "<group>"; };
		BE028F4727F7F8EC0019AE16 /* met_4.mp3 */ = {isa = PBXFileReference; lastKnownFileType = audio.mp3; path = met_4.mp3; sourceTree = "<group>"; };
		BE028F4827F7F8EC0019AE16 /* noise.mp3 */ = {isa = PBXFileReference; lastKnownFileType = audio.mp3; path = noise.mp3; sourceTree = "<group>"; };
		BE028F4927F7F8EC0019AE16 /* met_1.mp3 */ = {isa = PBXFileReference; lastKnownFileType = audio.mp3; path = met_1.mp3; sourceTree = "<group>"; };
		BE028F4A27F7F8EC0019AE16 /* met_3.mp3 */ = {isa = PBXFileReference; lastKnownFileType = audio.mp3; path = met_3.mp3; sourceTree = "<group>"; };
		BE028F4B27F7F8EC0019AE16 /* mellotron.mp3 */ = {isa = PBXFileReference; lastKnownFileType = audio.mp3; path = mellotron.mp3; sourceTree = "<group>"; };
		BE028F4C27F7F8EC0019AE16 /* drum.mp3 */ = {isa = PBXFileReference; lastKnownFileType = audio.mp3; path = drum.mp3; sourceTree = "<group>"; };
		BE028F4D27F7F8EC0019AE16 /* met_2.mp3 */ = {isa = PBXFileReference; lastKnownFileType = audio.mp3; path = met_2.mp3; sourceTree = "<group>"; };
		BE028F4E27F7F8EC0019AE16 /* viola.mp3 */ = {isa = PBXFileReference; lastKnownFileType = audio.mp3; path = viola.mp3; sourceTree = "<group>"; };
		BE028F5727F8043F0019AE16 /* SoundManager.swift */ = {isa = PBXFileReference; lastKnownFileType = sourcecode.swift; path = SoundManager.swift; sourceTree = "<group>"; };
/* End PBXFileReference section */

/* Begin PBXFrameworksBuildPhase section */
		BE028F3027F7F6880019AE16 /* Frameworks */ = {
			isa = PBXFrameworksBuildPhase;
			buildActionMask = 2147483647;
			files = (
			);
			runOnlyForDeploymentPostprocessing = 0;
		};
/* End PBXFrameworksBuildPhase section */

/* Begin PBXGroup section */
		BE028F2A27F7F6880019AE16 = {
			isa = PBXGroup;
			children = (
				BE028F5727F8043F0019AE16 /* SoundManager.swift */,
				BE028F3527F7F6880019AE16 /* iosHifi */,
				BE028F3427F7F6880019AE16 /* Products */,
			);
			sourceTree = "<group>";
		};
		BE028F3427F7F6880019AE16 /* Products */ = {
			isa = PBXGroup;
			children = (
				BE028F3327F7F6880019AE16 /* iosHifi.app */,
			);
			name = Products;
			sourceTree = "<group>";
		};
		BE028F3527F7F6880019AE16 /* iosHifi */ = {
			isa = PBXGroup;
			children = (
				BE028F4627F7F8CC0019AE16 /* Sounds */,
				BE028F3627F7F6880019AE16 /* iosHifiApp.swift */,
				BE028F3827F7F6880019AE16 /* ContentView.swift */,
				BE028F3A27F7F6890019AE16 /* Assets.xcassets */,
				BE028F3C27F7F6890019AE16 /* Preview Content */,
				BE028F4427F7F8310019AE16 /* SoundManagerOld.swift */,
			);
			path = iosHifi;
			sourceTree = "<group>";
		};
		BE028F3C27F7F6890019AE16 /* Preview Content */ = {
			isa = PBXGroup;
			children = (
				BE028F3D27F7F6890019AE16 /* Preview Assets.xcassets */,
			);
			path = "Preview Content";
			sourceTree = "<group>";
		};
		BE028F4627F7F8CC0019AE16 /* Sounds */ = {
			isa = PBXGroup;
			children = (
				BE028F4C27F7F8EC0019AE16 /* drum.mp3 */,
				BE028F4B27F7F8EC0019AE16 /* mellotron.mp3 */,
				BE028F4927F7F8EC0019AE16 /* met_1.mp3 */,
				BE028F4D27F7F8EC0019AE16 /* met_2.mp3 */,
				BE028F4A27F7F8EC0019AE16 /* met_3.mp3 */,
				BE028F4727F7F8EC0019AE16 /* met_4.mp3 */,
				BE028F4827F7F8EC0019AE16 /* noise.mp3 */,
				BE028F4E27F7F8EC0019AE16 /* viola.mp3 */,
			);
			path = Sounds;
			sourceTree = "<group>";
		};
/* End PBXGroup section */

/* Begin PBXNativeTarget section */
		BE028F3227F7F6880019AE16 /* iosHifi */ = {
			isa = PBXNativeTarget;
			buildConfigurationList = BE028F4127F7F6890019AE16 /* Build configuration list for PBXNativeTarget "iosHifi" */;
			buildPhases = (
				BE028F2F27F7F6880019AE16 /* Sources */,
				BE028F3027F7F6880019AE16 /* Frameworks */,
				BE028F3127F7F6880019AE16 /* Resources */,
			);
			buildRules = (
			);
			dependencies = (
			);
			name = iosHifi;
			productName = iosHifi;
			productReference = BE028F3327F7F6880019AE16 /* iosHifi.app */;
			productType = "com.apple.product-type.application";
		};
/* End PBXNativeTarget section */

/* Begin PBXProject section */
		BE028F2B27F7F6880019AE16 /* Project object */ = {
			isa = PBXProject;
			attributes = {
				BuildIndependentTargetsInParallel = 1;
				LastSwiftUpdateCheck = 1320;
				LastUpgradeCheck = 1320;
				TargetAttributes = {
					BE028F3227F7F6880019AE16 = {
						CreatedOnToolsVersion = 13.2.1;
					};
				};
			};
			buildConfigurationList = BE028F2E27F7F6880019AE16 /* Build configuration list for PBXProject "iosHifi" */;
			compatibilityVersion = "Xcode 13.0";
			developmentRegion = en;
			hasScannedForEncodings = 0;
			knownRegions = (
				en,
				Base,
			);
			mainGroup = BE028F2A27F7F6880019AE16;
			productRefGroup = BE028F3427F7F6880019AE16 /* Products */;
			projectDirPath = "";
			projectRoot = "";
			targets = (
				BE028F3227F7F6880019AE16 /* iosHifi */,
			);
		};
/* End PBXProject section */

/* Begin PBXResourcesBuildPhase section */
		BE028F3127F7F6880019AE16 /* Resources */ = {
			isa = PBXResourcesBuildPhase;
			buildActionMask = 2147483647;
			files = (
				BE028F5527F7F8ED0019AE16 /* met_2.mp3 in Resources */,
				BE028F4F27F7F8EC0019AE16 /* met_4.mp3 in Resources */,
				BE028F5127F7F8ED0019AE16 /* met_1.mp3 in Resources */,
				BE028F5327F7F8ED0019AE16 /* mellotron.mp3 in Resources */,
				BE028F5027F7F8ED0019AE16 /* noise.mp3 in Resources */,
				BE028F5227F7F8ED0019AE16 /* met_3.mp3 in Resources */,
				BE028F5627F7F8ED0019AE16 /* viola.mp3 in Resources */,
				BE028F3E27F7F6890019AE16 /* Preview Assets.xcassets in Resources */,
				BE028F5427F7F8ED0019AE16 /* drum.mp3 in Resources */,
				BE028F3B27F7F6890019AE16 /* Assets.xcassets in Resources */,
			);
			runOnlyForDeploymentPostprocessing = 0;
		};
/* End PBXResourcesBuildPhase section */

/* Begin PBXSourcesBuildPhase section */
		BE028F2F27F7F6880019AE16 /* Sources */ = {
			isa = PBXSourcesBuildPhase;
			buildActionMask = 2147483647;
			files = (
				BE028F3927F7F6880019AE16 /* ContentView.swift in Sources */,
				BE028F5827F8043F0019AE16 /* SoundManager.swift in Sources */,
				BE028F3727F7F6880019AE16 /* iosHifiApp.swift in Sources */,
				BE028F4527F7F8310019AE16 /* SoundManagerOld.swift in Sources */,
			);
			runOnlyForDeploymentPostprocessing = 0;
		};
/* End PBXSourcesBuildPhase section */

/* Begin XCBuildConfiguration section */
		BE028F3F27F7F6890019AE16 /* Debug */ = {
			isa = XCBuildConfiguration;
			buildSettings = {
				ALWAYS_SEARCH_USER_PATHS = NO;
				CLANG_ANALYZER_NONNULL = YES;
				CLANG_ANALYZER_NUMBER_OBJECT_CONVERSION = YES_AGGRESSIVE;
				CLANG_CXX_LANGUAGE_STANDARD = "gnu++17";
				CLANG_CXX_LIBRARY = "libc++";
				CLANG_ENABLE_MODULES = YES;
				CLANG_ENABLE_OBJC_ARC = YES;
				CLANG_ENABLE_OBJC_WEAK = YES;
				CLANG_WARN_BLOCK_CAPTURE_AUTORELEASING = YES;
				CLANG_WARN_BOOL_CONVERSION = YES;
				CLANG_WARN_COMMA = YES;
				CLANG_WARN_CONSTANT_CONVERSION = YES;
				CLANG_WARN_DEPRECATED_OBJC_IMPLEMENTATIONS = YES;
				CLANG_WARN_DIRECT_OBJC_ISA_USAGE = YES_ERROR;
				CLANG_WARN_DOCUMENTATION_COMMENTS = YES;
				CLANG_WARN_EMPTY_BODY = YES;
				CLANG_WARN_ENUM_CONVERSION = YES;
				CLANG_WARN_INFINITE_RECURSION = YES;
				CLANG_WARN_INT_CONVERSION = YES;
				CLANG_WARN_NON_LITERAL_NULL_CONVERSION = YES;
				CLANG_WARN_OBJC_IMPLICIT_RETAIN_SELF = YES;
				CLANG_WARN_OBJC_LITERAL_CONVERSION = YES;
				CLANG_WARN_OBJC_ROOT_CLASS = YES_ERROR;
				CLANG_WARN_QUOTED_INCLUDE_IN_FRAMEWORK_HEADER = YES;
				CLANG_WARN_RANGE_LOOP_ANALYSIS = YES;
				CLANG_WARN_STRICT_PROTOTYPES = YES;
				CLANG_WARN_SUSPICIOUS_MOVE = YES;
				CLANG_WARN_UNGUARDED_AVAILABILITY = YES_AGGRESSIVE;
				CLANG_WARN_UNREACHABLE_CODE = YES;
				CLANG_WARN__DUPLICATE_METHOD_MATCH = YES;
				COPY_PHASE_STRIP = NO;
				DEBUG_INFORMATION_FORMAT = dwarf;
				ENABLE_STRICT_OBJC_MSGSEND = YES;
				ENABLE_TESTABILITY = YES;
				GCC_C_LANGUAGE_STANDARD = gnu11;
				GCC_DYNAMIC_NO_PIC = NO;
				GCC_NO_COMMON_BLOCKS = YES;
				GCC_OPTIMIZATION_LEVEL = 0;
				GCC_PREPROCESSOR_DEFINITIONS = (
					"DEBUG=1",
					"$(inherited)",
				);
				GCC_WARN_64_TO_32_BIT_CONVERSION = YES;
				GCC_WARN_ABOUT_RETURN_TYPE = YES_ERROR;
				GCC_WARN_UNDECLARED_SELECTOR = YES;
				GCC_WARN_UNINITIALIZED_AUTOS = YES_AGGRESSIVE;
				GCC_WARN_UNUSED_FUNCTION = YES;
				GCC_WARN_UNUSED_VARIABLE = YES;
				IPHONEOS_DEPLOYMENT_TARGET = 15.2;
				MTL_ENABLE_DEBUG_INFO = INCLUDE_SOURCE;
				MTL_FAST_MATH = YES;
				ONLY_ACTIVE_ARCH = YES;
				SDKROOT = iphoneos;
				SWIFT_ACTIVE_COMPILATION_CONDITIONS = DEBUG;
				SWIFT_OPTIMIZATION_LEVEL = "-Onone";
			};
			name = Debug;
		};
		BE028F4027F7F6890019AE16 /* Release */ = {
			isa = XCBuildConfiguration;
			buildSettings = {
				ALWAYS_SEARCH_USER_PATHS = NO;
				CLANG_ANALYZER_NONNULL = YES;
				CLANG_ANALYZER_NUMBER_OBJECT_CONVERSION = YES_AGGRESSIVE;
				CLANG_CXX_LANGUAGE_STANDARD = "gnu++17";
				CLANG_CXX_LIBRARY = "libc++";
				CLANG_ENABLE_MODULES = YES;
				CLANG_ENABLE_OBJC_ARC = YES;
				CLANG_ENABLE_OBJC_WEAK = YES;
				CLANG_WARN_BLOCK_CAPTURE_AUTORELEASING = YES;
				CLANG_WARN_BOOL_CONVERSION = YES;
				CLANG_WARN_COMMA = YES;
				CLANG_WARN_CONSTANT_CONVERSION = YES;
				CLANG_WARN_DEPRECATED_OBJC_IMPLEMENTATIONS = YES;
				CLANG_WARN_DIRECT_OBJC_ISA_USAGE = YES_ERROR;
				CLANG_WARN_DOCUMENTATION_COMMENTS = YES;
				CLANG_WARN_EMPTY_BODY = YES;
				CLANG_WARN_ENUM_CONVERSION = YES;
				CLANG_WARN_INFINITE_RECURSION = YES;
				CLANG_WARN_INT_CONVERSION = YES;
				CLANG_WARN_NON_LITERAL_NULL_CONVERSION = YES;
				CLANG_WARN_OBJC_IMPLICIT_RETAIN_SELF = YES;
				CLANG_WARN_OBJC_LITERAL_CONVERSION = YES;
				CLANG_WARN_OBJC_ROOT_CLASS = YES_ERROR;
				CLANG_WARN_QUOTED_INCLUDE_IN_FRAMEWORK_HEADER = YES;
				CLANG_WARN_RANGE_LOOP_ANALYSIS = YES;
				CLANG_WARN_STRICT_PROTOTYPES = YES;
				CLANG_WARN_SUSPICIOUS_MOVE = YES;
				CLANG_WARN_UNGUARDED_AVAILABILITY = YES_AGGRESSIVE;
				CLANG_WARN_UNREACHABLE_CODE = YES;
				CLANG_WARN__DUPLICATE_METHOD_MATCH = YES;
				COPY_PHASE_STRIP = NO;
				DEBUG_INFORMATION_FORMAT = "dwarf-with-dsym";
				ENABLE_NS_ASSERTIONS = NO;
				ENABLE_STRICT_OBJC_MSGSEND = YES;
				GCC_C_LANGUAGE_STANDARD = gnu11;
				GCC_NO_COMMON_BLOCKS = YES;
				GCC_WARN_64_TO_32_BIT_CONVERSION = YES;
				GCC_WARN_ABOUT_RETURN_TYPE = YES_ERROR;
				GCC_WARN_UNDECLARED_SELECTOR = YES;
				GCC_WARN_UNINITIALIZED_AUTOS = YES_AGGRESSIVE;
				GCC_WARN_UNUSED_FUNCTION = YES;
				GCC_WARN_UNUSED_VARIABLE = YES;
				IPHONEOS_DEPLOYMENT_TARGET = 15.2;
				MTL_ENABLE_DEBUG_INFO = NO;
				MTL_FAST_MATH = YES;
				SDKROOT = iphoneos;
				SWIFT_COMPILATION_MODE = wholemodule;
				SWIFT_OPTIMIZATION_LEVEL = "-O";
				VALIDATE_PRODUCT = YES;
			};
			name = Release;
		};
		BE028F4227F7F6890019AE16 /* Debug */ = {
			isa = XCBuildConfiguration;
			buildSettings = {
				ASSETCATALOG_COMPILER_APPICON_NAME = AppIcon;
				ASSETCATALOG_COMPILER_GLOBAL_ACCENT_COLOR_NAME = AccentColor;
				CODE_SIGN_STYLE = Automatic;
				CURRENT_PROJECT_VERSION = 1;
				DEVELOPMENT_ASSET_PATHS = "\"iosHifi/Preview Content\"";
				DEVELOPMENT_TEAM = USFQQHAJ7V;
				ENABLE_PREVIEWS = YES;
				GENERATE_INFOPLIST_FILE = YES;
				INFOPLIST_KEY_UIApplicationSceneManifest_Generation = YES;
				INFOPLIST_KEY_UIApplicationSupportsIndirectInputEvents = YES;
				INFOPLIST_KEY_UILaunchScreen_Generation = YES;
				INFOPLIST_KEY_UISupportedInterfaceOrientations_iPad = "UIInterfaceOrientationPortrait UIInterfaceOrientationPortraitUpsideDown UIInterfaceOrientationLandscapeLeft UIInterfaceOrientationLandscapeRight";
				INFOPLIST_KEY_UISupportedInterfaceOrientations_iPhone = "UIInterfaceOrientationPortrait UIInterfaceOrientationLandscapeLeft UIInterfaceOrientationLandscapeRight";
				LD_RUNPATH_SEARCH_PATHS = (
					"$(inherited)",
					"@executable_path/Frameworks",
				);
				MARKETING_VERSION = 1.0;
				PRODUCT_BUNDLE_IDENTIFIER = com.seba.iosHifi.iosHifi;
				PRODUCT_NAME = "$(TARGET_NAME)";
				SWIFT_EMIT_LOC_STRINGS = YES;
				SWIFT_VERSION = 5.0;
				TARGETED_DEVICE_FAMILY = "1,2";
			};
			name = Debug;
		};
		BE028F4327F7F6890019AE16 /* Release */ = {
			isa = XCBuildConfiguration;
			buildSettings = {
				ASSETCATALOG_COMPILER_APPICON_NAME = AppIcon;
				ASSETCATALOG_COMPILER_GLOBAL_ACCENT_COLOR_NAME = AccentColor;
				CODE_SIGN_STYLE = Automatic;
				CURRENT_PROJECT_VERSION = 1;
				DEVELOPMENT_ASSET_PATHS = "\"iosHifi/Preview Content\"";
				DEVELOPMENT_TEAM = USFQQHAJ7V;
				ENABLE_PREVIEWS = YES;
				GENERATE_INFOPLIST_FILE = YES;
				INFOPLIST_KEY_UIApplicationSceneManifest_Generation = YES;
				INFOPLIST_KEY_UIApplicationSupportsIndirectInputEvents = YES;
				INFOPLIST_KEY_UILaunchScreen_Generation = YES;
				INFOPLIST_KEY_UISupportedInterfaceOrientations_iPad = "UIInterfaceOrientationPortrait UIInterfaceOrientationPortraitUpsideDown UIInterfaceOrientationLandscapeLeft UIInterfaceOrientationLandscapeRight";
				INFOPLIST_KEY_UISupportedInterfaceOrientations_iPhone = "UIInterfaceOrientationPortrait UIInterfaceOrientationLandscapeLeft UIInterfaceOrientationLandscapeRight";
				LD_RUNPATH_SEARCH_PATHS = (
					"$(inherited)",
					"@executable_path/Frameworks",
				);
				MARKETING_VERSION = 1.0;
				PRODUCT_BUNDLE_IDENTIFIER = com.seba.iosHifi.iosHifi;
				PRODUCT_NAME = "$(TARGET_NAME)";
				SWIFT_EMIT_LOC_STRINGS = YES;
				SWIFT_VERSION = 5.0;
				TARGETED_DEVICE_FAMILY = "1,2";
			};
			name = Release;
		};
/* End XCBuildConfiguration section */

/* Begin XCConfigurationList section */
		BE028F2E27F7F6880019AE16 /* Build configuration list for PBXProject "iosHifi" */ = {
			isa = XCConfigurationList;
			buildConfigurations = (
				BE028F3F27F7F6890019AE16 /* Debug */,
				BE028F4027F7F6890019AE16 /* Release */,
			);
			defaultConfigurationIsVisible = 0;
			defaultConfigurationName = Release;
		};
		BE028F4127F7F6890019AE16 /* Build configuration list for PBXNativeTarget "iosHifi" */ = {
			isa = XCConfigurationList;
			buildConfigurations = (
				BE028F4227F7F6890019AE16 /* Debug */,
				BE028F4327F7F6890019AE16 /* Release */,
			);
			defaultConfigurationIsVisible = 0;
			defaultConfigurationName = Release;
		};
/* End XCConfigurationList section */
	};
	rootObject = BE028F2B27F7F6880019AE16 /* Project object */;
}
